
Microsoft Visual Studio Solution File, Format Version 12.00
# Visual Studio Version 17
VisualStudioVersion = 17.4.33020.496
MinimumVisualStudioVersion = 10.0.40219.1
Project("{FAE04EC0-301F-11D3-BF4B-00C04F79EFBC}") = "EfAsync", "EfAsync\EfAsync.csproj", "{326E4016-145B-4917-AACD-BF07BFF7A95B}"
EndProject
Global
	GlobalSection(SolutionConfigurationPlatforms) = preSolution
		Debug|Any CPU = Debug|Any CPU
		Release|Any CPU = Release|Any CPU
	EndGlobalSection
	GlobalSection(ProjectConfigurationPlatforms) = postSolution
		{326E4016-145B-4917-AACD-BF07BFF7A95B}.Debug|Any CPU.ActiveCfg = Debug|Any CPU
		{326E4016-145B-4917-AACD-BF07BFF7A95B}.Debug|Any CPU.Build.0 = Debug|Any CPU
		{326E4016-145B-4917-AACD-BF07BFF7A95B}.Release|Any CPU.ActiveCfg = Release|Any CPU
		{326E4016-145B-4917-AACD-BF07BFF7A95B}.Release|Any CPU.Build.0 = Release|Any CPU
	EndGlobalSection
	GlobalSection(SolutionProperties) = preSolution
		HideSolutionNode = FALSE
	EndGlobalSection
	GlobalSection(ExtensibilityGlobals) = postSolution
		SolutionGuid = {5A8F2E47-48FF-4EDA-9714-480E7947F5FC}
	EndGlobalSection
EndGlobal
