
Microsoft Visual Studio Solution File, Format Version 12.00
# Visual Studio Version 17
VisualStudioVersion = 17.4.33020.496
MinimumVisualStudioVersion = 10.0.40219.1
Project("{FAE04EC0-301F-11D3-BF4B-00C04F79EFBC}") = "Task", "Task\Task.csproj", "{0F8FB7A0-8538-4FFE-874F-4045417F8C02}"
EndProject
Global
	GlobalSection(SolutionConfigurationPlatforms) = preSolution
		Debug|Any CPU = Debug|Any CPU
		Release|Any CPU = Release|Any CPU
	EndGlobalSection
	GlobalSection(ProjectConfigurationPlatforms) = postSolution
		{0F8FB7A0-8538-4FFE-874F-4045417F8C02}.Debug|Any CPU.ActiveCfg = Debug|Any CPU
		{0F8FB7A0-8538-4FFE-874F-4045417F8C02}.Debug|Any CPU.Build.0 = Debug|Any CPU
		{0F8FB7A0-8538-4FFE-874F-4045417F8C02}.Release|Any CPU.ActiveCfg = Release|Any CPU
		{0F8FB7A0-8538-4FFE-874F-4045417F8C02}.Release|Any CPU.Build.0 = Release|Any CPU
	EndGlobalSection
	GlobalSection(SolutionProperties) = preSolution
		HideSolutionNode = FALSE
	EndGlobalSection
	GlobalSection(ExtensibilityGlobals) = postSolution
		SolutionGuid = {58111212-D72A-4486-A597-C59C3FE3429A}
	EndGlobalSection
EndGlobal
