
Microsoft Visual Studio Solution File, Format Version 12.00
# Visual Studio Version 17
VisualStudioVersion = 17.3.32929.385
MinimumVisualStudioVersion = 10.0.40219.1
Project("{FAE04EC0-301F-11D3-BF4B-00C04F79EFBC}") = "AcademyTable", "AcademyTable\AcademyTable.csproj", "{A6155741-1472-47D5-AF9D-71733BF65015}"
EndProject
Global
	GlobalSection(SolutionConfigurationPlatforms) = preSolution
		Debug|Any CPU = Debug|Any CPU
		Release|Any CPU = Release|Any CPU
	EndGlobalSection
	GlobalSection(ProjectConfigurationPlatforms) = postSolution
		{A6155741-1472-47D5-AF9D-71733BF65015}.Debug|Any CPU.ActiveCfg = Debug|Any CPU
		{A6155741-1472-47D5-AF9D-71733BF65015}.Debug|Any CPU.Build.0 = Debug|Any CPU
		{A6155741-1472-47D5-AF9D-71733BF65015}.Release|Any CPU.ActiveCfg = Release|Any CPU
		{A6155741-1472-47D5-AF9D-71733BF65015}.Release|Any CPU.Build.0 = Release|Any CPU
	EndGlobalSection
	GlobalSection(SolutionProperties) = preSolution
		HideSolutionNode = FALSE
	EndGlobalSection
	GlobalSection(ExtensibilityGlobals) = postSolution
		SolutionGuid = {C210AD6A-49EF-4F46-9990-5F32C6D5ACC3}
	EndGlobalSection
EndGlobal
