
Microsoft Visual Studio Solution File, Format Version 12.00
# Visual Studio Version 17
VisualStudioVersion = 17.4.33020.496
MinimumVisualStudioVersion = 10.0.40219.1
Project("{FAE04EC0-301F-11D3-BF4B-00C04F79EFBC}") = "Examples", "Examples\Examples.csproj", "{846C92D9-73E4-4605-9F20-2FF90C32DB71}"
EndProject
Global
	GlobalSection(SolutionConfigurationPlatforms) = preSolution
		Debug|Any CPU = Debug|Any CPU
		Release|Any CPU = Release|Any CPU
	EndGlobalSection
	GlobalSection(ProjectConfigurationPlatforms) = postSolution
		{846C92D9-73E4-4605-9F20-2FF90C32DB71}.Debug|Any CPU.ActiveCfg = Debug|Any CPU
		{846C92D9-73E4-4605-9F20-2FF90C32DB71}.Debug|Any CPU.Build.0 = Debug|Any CPU
		{846C92D9-73E4-4605-9F20-2FF90C32DB71}.Release|Any CPU.ActiveCfg = Release|Any CPU
		{846C92D9-73E4-4605-9F20-2FF90C32DB71}.Release|Any CPU.Build.0 = Release|Any CPU
	EndGlobalSection
	GlobalSection(SolutionProperties) = preSolution
		HideSolutionNode = FALSE
	EndGlobalSection
	GlobalSection(ExtensibilityGlobals) = postSolution
		SolutionGuid = {C35D34C8-78D7-45D4-8C03-DABA70C87FCE}
	EndGlobalSection
EndGlobal
