
Microsoft Visual Studio Solution File, Format Version 12.00
# Visual Studio Version 17
VisualStudioVersion = 17.4.33020.496
MinimumVisualStudioVersion = 10.0.40219.1
Project("{FAE04EC0-301F-11D3-BF4B-00C04F79EFBC}") = "WinApiIntro", "WinApiIntro\WinApiIntro.csproj", "{F1D3165B-DF2F-4558-AEEA-98337B3ED331}"
EndProject
Global
	GlobalSection(SolutionConfigurationPlatforms) = preSolution
		Debug|Any CPU = Debug|Any CPU
		Release|Any CPU = Release|Any CPU
	EndGlobalSection
	GlobalSection(ProjectConfigurationPlatforms) = postSolution
		{F1D3165B-DF2F-4558-AEEA-98337B3ED331}.Debug|Any CPU.ActiveCfg = Debug|Any CPU
		{F1D3165B-DF2F-4558-AEEA-98337B3ED331}.Debug|Any CPU.Build.0 = Debug|Any CPU
		{F1D3165B-DF2F-4558-AEEA-98337B3ED331}.Release|Any CPU.ActiveCfg = Release|Any CPU
		{F1D3165B-DF2F-4558-AEEA-98337B3ED331}.Release|Any CPU.Build.0 = Release|Any CPU
	EndGlobalSection
	GlobalSection(SolutionProperties) = preSolution
		HideSolutionNode = FALSE
	EndGlobalSection
	GlobalSection(ExtensibilityGlobals) = postSolution
		SolutionGuid = {990E13D3-443F-475C-A6D3-91842B0318B5}
	EndGlobalSection
EndGlobal
