
Microsoft Visual Studio Solution File, Format Version 12.00
# Visual Studio Version 17
VisualStudioVersion = 17.4.33020.496
MinimumVisualStudioVersion = 10.0.40219.1
Project("{FAE04EC0-301F-11D3-BF4B-00C04F79EFBC}") = "Eager", "Eager\Eager.csproj", "{89C6E9BB-D885-4F5A-8876-16E10C7235F1}"
EndProject
Global
	GlobalSection(SolutionConfigurationPlatforms) = preSolution
		Debug|Any CPU = Debug|Any CPU
		Release|Any CPU = Release|Any CPU
	EndGlobalSection
	GlobalSection(ProjectConfigurationPlatforms) = postSolution
		{89C6E9BB-D885-4F5A-8876-16E10C7235F1}.Debug|Any CPU.ActiveCfg = Debug|Any CPU
		{89C6E9BB-D885-4F5A-8876-16E10C7235F1}.Debug|Any CPU.Build.0 = Debug|Any CPU
		{89C6E9BB-D885-4F5A-8876-16E10C7235F1}.Release|Any CPU.ActiveCfg = Release|Any CPU
		{89C6E9BB-D885-4F5A-8876-16E10C7235F1}.Release|Any CPU.Build.0 = Release|Any CPU
	EndGlobalSection
	GlobalSection(SolutionProperties) = preSolution
		HideSolutionNode = FALSE
	EndGlobalSection
	GlobalSection(ExtensibilityGlobals) = postSolution
		SolutionGuid = {F3B15D5E-5A9B-4822-888E-AB7A042370DA}
	EndGlobalSection
EndGlobal
