
Microsoft Visual Studio Solution File, Format Version 12.00
# Visual Studio Version 17
VisualStudioVersion = 17.4.33020.496
MinimumVisualStudioVersion = 10.0.40219.1
Project("{FAE04EC0-301F-11D3-BF4B-00C04F79EFBC}") = "Archiver", "Archiver\Archiver.csproj", "{49625768-88F6-4F6C-B64C-620C23595420}"
EndProject
Global
	GlobalSection(SolutionConfigurationPlatforms) = preSolution
		Debug|Any CPU = Debug|Any CPU
		Release|Any CPU = Release|Any CPU
	EndGlobalSection
	GlobalSection(ProjectConfigurationPlatforms) = postSolution
		{49625768-88F6-4F6C-B64C-620C23595420}.Debug|Any CPU.ActiveCfg = Debug|Any CPU
		{49625768-88F6-4F6C-B64C-620C23595420}.Debug|Any CPU.Build.0 = Debug|Any CPU
		{49625768-88F6-4F6C-B64C-620C23595420}.Release|Any CPU.ActiveCfg = Release|Any CPU
		{49625768-88F6-4F6C-B64C-620C23595420}.Release|Any CPU.Build.0 = Release|Any CPU
	EndGlobalSection
	GlobalSection(SolutionProperties) = preSolution
		HideSolutionNode = FALSE
	EndGlobalSection
	GlobalSection(ExtensibilityGlobals) = postSolution
		SolutionGuid = {A4624E7E-D98F-4F10-9833-A9E9EB678917}
	EndGlobalSection
EndGlobal
