
Microsoft Visual Studio Solution File, Format Version 12.00
# Visual Studio Version 17
VisualStudioVersion = 17.4.33020.496
MinimumVisualStudioVersion = 10.0.40219.1
Project("{FAE04EC0-301F-11D3-BF4B-00C04F79EFBC}") = "Intro", "Intro\Intro.csproj", "{175CC398-AA6B-46EE-8F54-F5AB106F395B}"
EndProject
Global
	GlobalSection(SolutionConfigurationPlatforms) = preSolution
		Debug|Any CPU = Debug|Any CPU
		Release|Any CPU = Release|Any CPU
	EndGlobalSection
	GlobalSection(ProjectConfigurationPlatforms) = postSolution
		{175CC398-AA6B-46EE-8F54-F5AB106F395B}.Debug|Any CPU.ActiveCfg = Debug|Any CPU
		{175CC398-AA6B-46EE-8F54-F5AB106F395B}.Debug|Any CPU.Build.0 = Debug|Any CPU
		{175CC398-AA6B-46EE-8F54-F5AB106F395B}.Release|Any CPU.ActiveCfg = Release|Any CPU
		{175CC398-AA6B-46EE-8F54-F5AB106F395B}.Release|Any CPU.Build.0 = Release|Any CPU
	EndGlobalSection
	GlobalSection(SolutionProperties) = preSolution
		HideSolutionNode = FALSE
	EndGlobalSection
	GlobalSection(ExtensibilityGlobals) = postSolution
		SolutionGuid = {26733124-6FF4-4751-8919-ED3F0028B63E}
	EndGlobalSection
EndGlobal
