
Microsoft Visual Studio Solution File, Format Version 12.00
# Visual Studio Version 17
VisualStudioVersion = 17.6.33513.286
MinimumVisualStudioVersion = 10.0.40219.1
Project("{9A19103F-16F7-4668-BE54-9A1E7A4F7556}") = "TcpClient", "TcpClient\TcpClient.csproj", "{F9954BA9-CFD6-465E-85ED-6E8665D73087}"
EndProject
Project("{FAE04EC0-301F-11D3-BF4B-00C04F79EFBC}") = "TcpListener", "TcpListener\TcpListener.csproj", "{D4F6F534-91D2-4372-9B0F-119D75CB7770}"
EndProject
Global
	GlobalSection(SolutionConfigurationPlatforms) = preSolution
		Debug|Any CPU = Debug|Any CPU
		Release|Any CPU = Release|Any CPU
	EndGlobalSection
	GlobalSection(ProjectConfigurationPlatforms) = postSolution
		{F9954BA9-CFD6-465E-85ED-6E8665D73087}.Debug|Any CPU.ActiveCfg = Debug|Any CPU
		{F9954BA9-CFD6-465E-85ED-6E8665D73087}.Debug|Any CPU.Build.0 = Debug|Any CPU
		{F9954BA9-CFD6-465E-85ED-6E8665D73087}.Release|Any CPU.ActiveCfg = Release|Any CPU
		{F9954BA9-CFD6-465E-85ED-6E8665D73087}.Release|Any CPU.Build.0 = Release|Any CPU
		{D4F6F534-91D2-4372-9B0F-119D75CB7770}.Debug|Any CPU.ActiveCfg = Debug|Any CPU
		{D4F6F534-91D2-4372-9B0F-119D75CB7770}.Debug|Any CPU.Build.0 = Debug|Any CPU
		{D4F6F534-91D2-4372-9B0F-119D75CB7770}.Release|Any CPU.ActiveCfg = Release|Any CPU
		{D4F6F534-91D2-4372-9B0F-119D75CB7770}.Release|Any CPU.Build.0 = Release|Any CPU
	EndGlobalSection
	GlobalSection(SolutionProperties) = preSolution
		HideSolutionNode = FALSE
	EndGlobalSection
	GlobalSection(ExtensibilityGlobals) = postSolution
		SolutionGuid = {C9E98F16-2564-4430-927E-1296ED190A43}
	EndGlobalSection
EndGlobal
