
Microsoft Visual Studio Solution File, Format Version 12.00
# Visual Studio Version 17
VisualStudioVersion = 17.4.32804.182
MinimumVisualStudioVersion = 10.0.40219.1
Project("{FAE04EC0-301F-11D3-BF4B-00C04F79EFBC}") = "ToDoList", "ToDoList\ToDoList.csproj", "{F56DBA10-E499-4AF1-BD47-923384DDC661}"
EndProject
Global
	GlobalSection(SolutionConfigurationPlatforms) = preSolution
		Debug|Any CPU = Debug|Any CPU
		Release|Any CPU = Release|Any CPU
	EndGlobalSection
	GlobalSection(ProjectConfigurationPlatforms) = postSolution
		{F56DBA10-E499-4AF1-BD47-923384DDC661}.Debug|Any CPU.ActiveCfg = Debug|Any CPU
		{F56DBA10-E499-4AF1-BD47-923384DDC661}.Debug|Any CPU.Build.0 = Debug|Any CPU
		{F56DBA10-E499-4AF1-BD47-923384DDC661}.Release|Any CPU.ActiveCfg = Release|Any CPU
		{F56DBA10-E499-4AF1-BD47-923384DDC661}.Release|Any CPU.Build.0 = Release|Any CPU
	EndGlobalSection
	GlobalSection(SolutionProperties) = preSolution
		HideSolutionNode = FALSE
	EndGlobalSection
	GlobalSection(ExtensibilityGlobals) = postSolution
		SolutionGuid = {95EAE98B-E856-4BB3-BC78-8AA769A7B40A}
	EndGlobalSection
EndGlobal
