
Microsoft Visual Studio Solution File, Format Version 12.00
# Visual Studio Version 17
VisualStudioVersion = 17.4.32804.182
MinimumVisualStudioVersion = 10.0.40219.1
Project("{FAE04EC0-301F-11D3-BF4B-00C04F79EFBC}") = "Intro", "Intro\Intro.csproj", "{5CBD2E85-C085-4473-A1F9-6B09AB20D460}"
EndProject
Global
	GlobalSection(SolutionConfigurationPlatforms) = preSolution
		Debug|Any CPU = Debug|Any CPU
		Release|Any CPU = Release|Any CPU
	EndGlobalSection
	GlobalSection(ProjectConfigurationPlatforms) = postSolution
		{5CBD2E85-C085-4473-A1F9-6B09AB20D460}.Debug|Any CPU.ActiveCfg = Debug|Any CPU
		{5CBD2E85-C085-4473-A1F9-6B09AB20D460}.Debug|Any CPU.Build.0 = Debug|Any CPU
		{5CBD2E85-C085-4473-A1F9-6B09AB20D460}.Release|Any CPU.ActiveCfg = Release|Any CPU
		{5CBD2E85-C085-4473-A1F9-6B09AB20D460}.Release|Any CPU.Build.0 = Release|Any CPU
	EndGlobalSection
	GlobalSection(SolutionProperties) = preSolution
		HideSolutionNode = FALSE
	EndGlobalSection
	GlobalSection(ExtensibilityGlobals) = postSolution
		SolutionGuid = {7118BA16-491A-4402-A11C-E71C8058DA03}
	EndGlobalSection
EndGlobal
