
Microsoft Visual Studio Solution File, Format Version 12.00
# Visual Studio Version 17
VisualStudioVersion = 17.4.33020.496
MinimumVisualStudioVersion = 10.0.40219.1
Project("{FAE04EC0-301F-11D3-BF4B-00C04F79EFBC}") = "EF2", "EF2\EF2.csproj", "{23A686C1-902C-4CC6-968E-4B17D425170D}"
EndProject
Global
	GlobalSection(SolutionConfigurationPlatforms) = preSolution
		Debug|Any CPU = Debug|Any CPU
		Release|Any CPU = Release|Any CPU
	EndGlobalSection
	GlobalSection(ProjectConfigurationPlatforms) = postSolution
		{23A686C1-902C-4CC6-968E-4B17D425170D}.Debug|Any CPU.ActiveCfg = Debug|Any CPU
		{23A686C1-902C-4CC6-968E-4B17D425170D}.Debug|Any CPU.Build.0 = Debug|Any CPU
		{23A686C1-902C-4CC6-968E-4B17D425170D}.Release|Any CPU.ActiveCfg = Release|Any CPU
		{23A686C1-902C-4CC6-968E-4B17D425170D}.Release|Any CPU.Build.0 = Release|Any CPU
	EndGlobalSection
	GlobalSection(SolutionProperties) = preSolution
		HideSolutionNode = FALSE
	EndGlobalSection
	GlobalSection(ExtensibilityGlobals) = postSolution
		SolutionGuid = {68A497C9-E4CD-4E77-9F31-52E1C791D59D}
	EndGlobalSection
EndGlobal
