
Microsoft Visual Studio Solution File, Format Version 12.00
# Visual Studio Version 17
VisualStudioVersion = 17.4.33020.496
MinimumVisualStudioVersion = 10.0.40219.1
Project("{FAE04EC0-301F-11D3-BF4B-00C04F79EFBC}") = "NetworkFirst", "NetworkFirst\NetworkFirst.csproj", "{268FFDB8-4F86-4FA5-A6C2-4F0120E8AC74}"
EndProject
Global
	GlobalSection(SolutionConfigurationPlatforms) = preSolution
		Debug|Any CPU = Debug|Any CPU
		Release|Any CPU = Release|Any CPU
	EndGlobalSection
	GlobalSection(ProjectConfigurationPlatforms) = postSolution
		{268FFDB8-4F86-4FA5-A6C2-4F0120E8AC74}.Debug|Any CPU.ActiveCfg = Debug|Any CPU
		{268FFDB8-4F86-4FA5-A6C2-4F0120E8AC74}.Debug|Any CPU.Build.0 = Debug|Any CPU
		{268FFDB8-4F86-4FA5-A6C2-4F0120E8AC74}.Release|Any CPU.ActiveCfg = Release|Any CPU
		{268FFDB8-4F86-4FA5-A6C2-4F0120E8AC74}.Release|Any CPU.Build.0 = Release|Any CPU
	EndGlobalSection
	GlobalSection(SolutionProperties) = preSolution
		HideSolutionNode = FALSE
	EndGlobalSection
	GlobalSection(ExtensibilityGlobals) = postSolution
		SolutionGuid = {E51B0353-BD39-419E-BF8E-269212712E3C}
	EndGlobalSection
EndGlobal
