
Microsoft Visual Studio Solution File, Format Version 12.00
# Visual Studio Version 17
VisualStudioVersion = 17.4.33020.496
MinimumVisualStudioVersion = 10.0.40219.1
Project("{FAE04EC0-301F-11D3-BF4B-00C04F79EFBC}") = "templateMVVM", "templateMVVM\templateMVVM.csproj", "{4121E9EB-83FA-481F-BAE7-1D6244509BC1}"
EndProject
Global
	GlobalSection(SolutionConfigurationPlatforms) = preSolution
		Debug|Any CPU = Debug|Any CPU
		Release|Any CPU = Release|Any CPU
	EndGlobalSection
	GlobalSection(ProjectConfigurationPlatforms) = postSolution
		{4121E9EB-83FA-481F-BAE7-1D6244509BC1}.Debug|Any CPU.ActiveCfg = Debug|Any CPU
		{4121E9EB-83FA-481F-BAE7-1D6244509BC1}.Debug|Any CPU.Build.0 = Debug|Any CPU
		{4121E9EB-83FA-481F-BAE7-1D6244509BC1}.Release|Any CPU.ActiveCfg = Release|Any CPU
		{4121E9EB-83FA-481F-BAE7-1D6244509BC1}.Release|Any CPU.Build.0 = Release|Any CPU
	EndGlobalSection
	GlobalSection(SolutionProperties) = preSolution
		HideSolutionNode = FALSE
	EndGlobalSection
	GlobalSection(ExtensibilityGlobals) = postSolution
		SolutionGuid = {A92A92EA-85B0-4C1F-8CDC-DDCACA6B466A}
	EndGlobalSection
EndGlobal
