
Microsoft Visual Studio Solution File, Format Version 12.00
# Visual Studio Version 17
VisualStudioVersion = 17.4.33020.496
MinimumVisualStudioVersion = 10.0.40219.1
Project("{FAE04EC0-301F-11D3-BF4B-00C04F79EFBC}") = "Lock", "Lock\Lock.csproj", "{32A7EDE5-0CB8-44D4-8434-8667959DCB08}"
EndProject
Global
	GlobalSection(SolutionConfigurationPlatforms) = preSolution
		Debug|Any CPU = Debug|Any CPU
		Release|Any CPU = Release|Any CPU
	EndGlobalSection
	GlobalSection(ProjectConfigurationPlatforms) = postSolution
		{32A7EDE5-0CB8-44D4-8434-8667959DCB08}.Debug|Any CPU.ActiveCfg = Debug|Any CPU
		{32A7EDE5-0CB8-44D4-8434-8667959DCB08}.Debug|Any CPU.Build.0 = Debug|Any CPU
		{32A7EDE5-0CB8-44D4-8434-8667959DCB08}.Release|Any CPU.ActiveCfg = Release|Any CPU
		{32A7EDE5-0CB8-44D4-8434-8667959DCB08}.Release|Any CPU.Build.0 = Release|Any CPU
	EndGlobalSection
	GlobalSection(SolutionProperties) = preSolution
		HideSolutionNode = FALSE
	EndGlobalSection
	GlobalSection(ExtensibilityGlobals) = postSolution
		SolutionGuid = {B6E4BC17-C79A-43D0-9A32-F092D74AEC7C}
	EndGlobalSection
EndGlobal
