
Microsoft Visual Studio Solution File, Format Version 12.00
Project("{FAE04EC0-301F-11D3-BF4B-00C04F79EFBC}") = "Expression", "Expression\Expression.csproj", "{3F7A1F67-D5AB-4786-9A8C-78D3D3EBDB0F}"
EndProject
Global
	GlobalSection(SolutionConfigurationPlatforms) = preSolution
		Debug|Any CPU = Debug|Any CPU
		Release|Any CPU = Release|Any CPU
	EndGlobalSection
	GlobalSection(ProjectConfigurationPlatforms) = postSolution
		{3F7A1F67-D5AB-4786-9A8C-78D3D3EBDB0F}.Debug|Any CPU.ActiveCfg = Debug|Any CPU
		{3F7A1F67-D5AB-4786-9A8C-78D3D3EBDB0F}.Debug|Any CPU.Build.0 = Debug|Any CPU
		{3F7A1F67-D5AB-4786-9A8C-78D3D3EBDB0F}.Release|Any CPU.ActiveCfg = Release|Any CPU
		{3F7A1F67-D5AB-4786-9A8C-78D3D3EBDB0F}.Release|Any CPU.Build.0 = Release|Any CPU
	EndGlobalSection
EndGlobal
