
Microsoft Visual Studio Solution File, Format Version 12.00
# Visual Studio Version 17
VisualStudioVersion = 17.4.32804.182
MinimumVisualStudioVersion = 10.0.40219.1
Project("{FAE04EC0-301F-11D3-BF4B-00C04F79EFBC}") = "MusicAppMVVM", "MusicAppMVVM\MusicAppMVVM.csproj", "{33FD9ABA-91EF-469F-8484-02CF2FB29CB9}"
EndProject
Global
	GlobalSection(SolutionConfigurationPlatforms) = preSolution
		Debug|Any CPU = Debug|Any CPU
		Release|Any CPU = Release|Any CPU
	EndGlobalSection
	GlobalSection(ProjectConfigurationPlatforms) = postSolution
		{33FD9ABA-91EF-469F-8484-02CF2FB29CB9}.Debug|Any CPU.ActiveCfg = Debug|Any CPU
		{33FD9ABA-91EF-469F-8484-02CF2FB29CB9}.Debug|Any CPU.Build.0 = Debug|Any CPU
		{33FD9ABA-91EF-469F-8484-02CF2FB29CB9}.Release|Any CPU.ActiveCfg = Release|Any CPU
		{33FD9ABA-91EF-469F-8484-02CF2FB29CB9}.Release|Any CPU.Build.0 = Release|Any CPU
	EndGlobalSection
	GlobalSection(SolutionProperties) = preSolution
		HideSolutionNode = FALSE
	EndGlobalSection
	GlobalSection(ExtensibilityGlobals) = postSolution
		SolutionGuid = {7CB0E093-9A6C-40C3-8A46-F449B263B014}
	EndGlobalSection
EndGlobal
